
Microsoft Visual Studio Solution File, Format Version 12.00
# Visual Studio 2012
Project("{FAE04EC0-301F-11D3-BF4B-00C04F79EFBC}") = "Withdrawapp", "Withdrawapp\Withdrawapp.csproj", "{0D50E28E-F6E0-4DE2-BCAC-7566A20CBA0B}"
EndProject
Global
	GlobalSection(SolutionConfigurationPlatforms) = preSolution
		Debug|Any CPU = Debug|Any CPU
		Release|Any CPU = Release|Any CPU
	EndGlobalSection
	GlobalSection(ProjectConfigurationPlatforms) = postSolution
		{0D50E28E-F6E0-4DE2-BCAC-7566A20CBA0B}.Debug|Any CPU.ActiveCfg = Debug|Any CPU
		{0D50E28E-F6E0-4DE2-BCAC-7566A20CBA0B}.Debug|Any CPU.Build.0 = Debug|Any CPU
		{0D50E28E-F6E0-4DE2-BCAC-7566A20CBA0B}.Release|Any CPU.ActiveCfg = Release|Any CPU
		{0D50E28E-F6E0-4DE2-BCAC-7566A20CBA0B}.Release|Any CPU.Build.0 = Release|Any CPU
	EndGlobalSection
	GlobalSection(SolutionProperties) = preSolution
		HideSolutionNode = FALSE
	EndGlobalSection
EndGlobal
